
Microsoft Visual Studio Solution File, Format Version 12.00
# Visual Studio Version 17
VisualStudioVersion = 17.3.32929.385
MinimumVisualStudioVersion = 10.0.40219.1
Project("{FAE04EC0-301F-11D3-BF4B-00C04F79EFBC}") = "POOUIV", "POOUIV\POOUIV.csproj", "{6788BF09-7F6E-4410-859A-E75396945B4B}"
EndProject
Global
	GlobalSection(SolutionConfigurationPlatforms) = preSolution
		Debug|Any CPU = Debug|Any CPU
		Release|Any CPU = Release|Any CPU
	EndGlobalSection
	GlobalSection(ProjectConfigurationPlatforms) = postSolution
		{6788BF09-7F6E-4410-859A-E75396945B4B}.Debug|Any CPU.ActiveCfg = Debug|Any CPU
		{6788BF09-7F6E-4410-859A-E75396945B4B}.Debug|Any CPU.Build.0 = Debug|Any CPU
		{6788BF09-7F6E-4410-859A-E75396945B4B}.Release|Any CPU.ActiveCfg = Release|Any CPU
		{6788BF09-7F6E-4410-859A-E75396945B4B}.Release|Any CPU.Build.0 = Release|Any CPU
	EndGlobalSection
	GlobalSection(SolutionProperties) = preSolution
		HideSolutionNode = FALSE
	EndGlobalSection
	GlobalSection(ExtensibilityGlobals) = postSolution
		SolutionGuid = {FBEF5864-DB8B-4B8B-B2CB-C873E60D8A7C}
	EndGlobalSection
EndGlobal
